
Microsoft Visual Studio Solution File, Format Version 12.00
# Visual Studio Version 17
VisualStudioVersion = 17.9.34616.47
MinimumVisualStudioVersion = 10.0.40219.1
Project("{FAE04EC0-301F-11D3-BF4B-00C04F79EFBC}") = "Domain", "Domain\Domain.csproj", "{393DC11B-C489-4C0D-8753-44F46E88A842}"
	ProjectSection(ProjectDependencies) = postProject
		{D794D716-8E37-49C4-88E8-2F9042975990} = {D794D716-8E37-49C4-88E8-2F9042975990}
	EndProjectSection
EndProject
Project("{FAE04EC0-301F-11D3-BF4B-00C04F79EFBC}") = "Infrastructure", "Infrastructure\Infrastructure.csproj", "{A3786C02-FAB7-4FBB-9FD8-9E47F3DAE4CC}"
	ProjectSection(ProjectDependencies) = postProject
		{393DC11B-C489-4C0D-8753-44F46E88A842} = {393DC11B-C489-4C0D-8753-44F46E88A842}
		{D794D716-8E37-49C4-88E8-2F9042975990} = {D794D716-8E37-49C4-88E8-2F9042975990}
	EndProjectSection
EndProject
Project("{FAE04EC0-301F-11D3-BF4B-00C04F79EFBC}") = "Share", "Share\Share.csproj", "{D794D716-8E37-49C4-88E8-2F9042975990}"
EndProject
Project("{FAE04EC0-301F-11D3-BF4B-00C04F79EFBC}") = "Api", "Api\Api.csproj", "{EF814769-A040-431C-BBC1-68BDA091DA12}"
	ProjectSection(ProjectDependencies) = postProject
		{393DC11B-C489-4C0D-8753-44F46E88A842} = {393DC11B-C489-4C0D-8753-44F46E88A842}
		{A3786C02-FAB7-4FBB-9FD8-9E47F3DAE4CC} = {A3786C02-FAB7-4FBB-9FD8-9E47F3DAE4CC}
		{D794D716-8E37-49C4-88E8-2F9042975990} = {D794D716-8E37-49C4-88E8-2F9042975990}
	EndProjectSection
EndProject
Global
	GlobalSection(SolutionConfigurationPlatforms) = preSolution
		Debug|Any CPU = Debug|Any CPU
		Release|Any CPU = Release|Any CPU
	EndGlobalSection
	GlobalSection(ProjectConfigurationPlatforms) = postSolution
		{393DC11B-C489-4C0D-8753-44F46E88A842}.Debug|Any CPU.ActiveCfg = Debug|Any CPU
		{393DC11B-C489-4C0D-8753-44F46E88A842}.Debug|Any CPU.Build.0 = Debug|Any CPU
		{393DC11B-C489-4C0D-8753-44F46E88A842}.Release|Any CPU.ActiveCfg = Release|Any CPU
		{393DC11B-C489-4C0D-8753-44F46E88A842}.Release|Any CPU.Build.0 = Release|Any CPU
		{A3786C02-FAB7-4FBB-9FD8-9E47F3DAE4CC}.Debug|Any CPU.ActiveCfg = Debug|Any CPU
		{A3786C02-FAB7-4FBB-9FD8-9E47F3DAE4CC}.Debug|Any CPU.Build.0 = Debug|Any CPU
		{A3786C02-FAB7-4FBB-9FD8-9E47F3DAE4CC}.Release|Any CPU.ActiveCfg = Release|Any CPU
		{A3786C02-FAB7-4FBB-9FD8-9E47F3DAE4CC}.Release|Any CPU.Build.0 = Release|Any CPU
		{D794D716-8E37-49C4-88E8-2F9042975990}.Debug|Any CPU.ActiveCfg = Debug|Any CPU
		{D794D716-8E37-49C4-88E8-2F9042975990}.Debug|Any CPU.Build.0 = Debug|Any CPU
		{D794D716-8E37-49C4-88E8-2F9042975990}.Release|Any CPU.ActiveCfg = Release|Any CPU
		{D794D716-8E37-49C4-88E8-2F9042975990}.Release|Any CPU.Build.0 = Release|Any CPU
		{EF814769-A040-431C-BBC1-68BDA091DA12}.Debug|Any CPU.ActiveCfg = Debug|Any CPU
		{EF814769-A040-431C-BBC1-68BDA091DA12}.Debug|Any CPU.Build.0 = Debug|Any CPU
		{EF814769-A040-431C-BBC1-68BDA091DA12}.Release|Any CPU.ActiveCfg = Release|Any CPU
		{EF814769-A040-431C-BBC1-68BDA091DA12}.Release|Any CPU.Build.0 = Release|Any CPU
	EndGlobalSection
	GlobalSection(SolutionProperties) = preSolution
		HideSolutionNode = FALSE
	EndGlobalSection
	GlobalSection(ExtensibilityGlobals) = postSolution
		SolutionGuid = {C5B561C2-5FBD-4EF5-A9AD-6C2FF04EE2D7}
	EndGlobalSection
EndGlobal
